
Microsoft Visual Studio Solution File, Format Version 12.00
# Visual Studio Version 17
VisualStudioVersion = 17.11.35327.3
MinimumVisualStudioVersion = 10.0.40219.1
Project("{9A19103F-16F7-4668-BE54-9A1E7A4F7556}") = "Services", "Services\Services.csproj", "{AB414E14-8527-48E0-8733-C7057F746E05}"
	ProjectSection(ProjectDependencies) = postProject
		{3C970A89-462C-4825-82E5-519B6555A698} = {3C970A89-462C-4825-82E5-519B6555A698}
	EndProjectSection
EndProject
Project("{9A19103F-16F7-4668-BE54-9A1E7A4F7556}") = "Common", "Common\Common.csproj", "{3C970A89-462C-4825-82E5-519B6555A698}"
	ProjectSection(ProjectDependencies) = postProject
		{B2F1BC3E-CAE7-4A46-ADA3-FA7230E5A6B9} = {B2F1BC3E-CAE7-4A46-ADA3-FA7230E5A6B9}
	EndProjectSection
EndProject
Project("{9A19103F-16F7-4668-BE54-9A1E7A4F7556}") = "Data", "Data\Data.csproj", "{B2F1BC3E-CAE7-4A46-ADA3-FA7230E5A6B9}"
EndProject
Project("{FAE04EC0-301F-11D3-BF4B-00C04F79EFBC}") = "AoristoTowersFunctions", "AoristoTowersFunctions\AoristoTowersFunctions.csproj", "{2760EA61-0F0D-610B-1576-282CE427A00D}"
EndProject
Global
	GlobalSection(SolutionConfigurationPlatforms) = preSolution
		Debug|Any CPU = Debug|Any CPU
		Release|Any CPU = Release|Any CPU
	EndGlobalSection
	GlobalSection(ProjectConfigurationPlatforms) = postSolution
		{AB414E14-8527-48E0-8733-C7057F746E05}.Debug|Any CPU.ActiveCfg = Release|Any CPU
		{AB414E14-8527-48E0-8733-C7057F746E05}.Debug|Any CPU.Build.0 = Release|Any CPU
		{AB414E14-8527-48E0-8733-C7057F746E05}.Release|Any CPU.ActiveCfg = Release|Any CPU
		{AB414E14-8527-48E0-8733-C7057F746E05}.Release|Any CPU.Build.0 = Release|Any CPU
		{3C970A89-462C-4825-82E5-519B6555A698}.Debug|Any CPU.ActiveCfg = Release|Any CPU
		{3C970A89-462C-4825-82E5-519B6555A698}.Debug|Any CPU.Build.0 = Release|Any CPU
		{3C970A89-462C-4825-82E5-519B6555A698}.Release|Any CPU.ActiveCfg = Release|Any CPU
		{3C970A89-462C-4825-82E5-519B6555A698}.Release|Any CPU.Build.0 = Release|Any CPU
		{B2F1BC3E-CAE7-4A46-ADA3-FA7230E5A6B9}.Debug|Any CPU.ActiveCfg = Release|Any CPU
		{B2F1BC3E-CAE7-4A46-ADA3-FA7230E5A6B9}.Debug|Any CPU.Build.0 = Release|Any CPU
		{B2F1BC3E-CAE7-4A46-ADA3-FA7230E5A6B9}.Release|Any CPU.ActiveCfg = Release|Any CPU
		{B2F1BC3E-CAE7-4A46-ADA3-FA7230E5A6B9}.Release|Any CPU.Build.0 = Release|Any CPU
		{2760EA61-0F0D-610B-1576-282CE427A00D}.Debug|Any CPU.ActiveCfg = Debug|Any CPU
		{2760EA61-0F0D-610B-1576-282CE427A00D}.Debug|Any CPU.Build.0 = Debug|Any CPU
		{2760EA61-0F0D-610B-1576-282CE427A00D}.Release|Any CPU.ActiveCfg = Release|Any CPU
		{2760EA61-0F0D-610B-1576-282CE427A00D}.Release|Any CPU.Build.0 = Release|Any CPU
	EndGlobalSection
	GlobalSection(SolutionProperties) = preSolution
		HideSolutionNode = FALSE
	EndGlobalSection
	GlobalSection(ExtensibilityGlobals) = postSolution
		SolutionGuid = {68E71259-D70F-469C-90C3-F437D7640D3F}
	EndGlobalSection
EndGlobal
